
Microsoft Visual Studio Solution File, Format Version 12.00
Project("{2150E333-8FDC-42A3-9474-1A3956D46DE8}") = "Services", "Services", "{11026BCF-3A78-4A1B-9BE9-FED86531161F}"
EndProject
Project("{2150E333-8FDC-42A3-9474-1A3956D46DE8}") = "IdentityService", "IdentityService", "{CA5310D8-47E3-4AC7-9CA1-72063780525E}"
EndProject
Project("{FAE04EC0-301F-11D3-BF4B-00C04F79EFBC}") = "IdentityService.API", "Services\IdentityService\IdentityService.API\IdentityService.API.csproj", "{919B2171-0C02-4445-974D-BC99D3FE364B}"
EndProject
Project("{FAE04EC0-301F-11D3-BF4B-00C04F79EFBC}") = "IdentityService.Domain", "Services\IdentityService\IdentityService.Domain\IdentityService.Domain.csproj", "{B71136DC-CB75-435A-BDAB-3EF2FB38CA6E}"
EndProject
Project("{FAE04EC0-301F-11D3-BF4B-00C04F79EFBC}") = "IdentityService.Application", "Services\IdentityService\IdentityService.Application\IdentityService.Application.csproj", "{0DB746C9-714B-4A65-A360-3F61191F50BF}"
EndProject
Project("{FAE04EC0-301F-11D3-BF4B-00C04F79EFBC}") = "IdentityService.Infrastructure", "Services\IdentityService\IdentityService.Infrastructure\IdentityService.Infrastructure.csproj", "{54117E9B-55A5-4C24-AA9A-74271BB16B64}"
EndProject
Project("{2150E333-8FDC-42A3-9474-1A3956D46DE8}") = "docker-compose", "docker-compose", "{D6346E5B-578F-4BDF-A58B-BAA8D17B5DDB}"
	ProjectSection(SolutionItems) = preProject
		docker-compose.yaml = docker-compose.yaml
	EndProjectSection
EndProject
Project("{2150E333-8FDC-42A3-9474-1A3956D46DE8}") = "BuildingBlocks", "BuildingBlocks", "{C703A2BA-D708-4ED7-B9B4-150C3D4EF86F}"
	ProjectSection(SolutionItems) = preProject
		BuildingBlocks\TODOLIST.txt = BuildingBlocks\TODOLIST.txt
	EndProjectSection
EndProject
Project("{2150E333-8FDC-42A3-9474-1A3956D46DE8}") = "Logging", "Logging", "{F2B98543-6821-4A63-BBC1-FEDDAF96B5A1}"
EndProject
Project("{2150E333-8FDC-42A3-9474-1A3956D46DE8}") = "Gateway", "Gateway", "{B872DDB3-7BC4-46EB-8B0E-C4E653114F2D}"
EndProject
Project("{FAE04EC0-301F-11D3-BF4B-00C04F79EFBC}") = "OcelotApiGateway", "Gateway\OcelotApiGateway\OcelotApiGateway.csproj", "{CE154E77-1104-4484-846C-A1BAC7FB4787}"
EndProject
Project("{FAE04EC0-301F-11D3-BF4B-00C04F79EFBC}") = "Logging", "BuildingBlocks\Logging\Logging\Logging.csproj", "{59039663-17F9-4CE3-B53C-F1E07BE374D1}"
EndProject
Project("{2150E333-8FDC-42A3-9474-1A3956D46DE8}") = "FileApiService", "FileApiService", "{9B8AF0BB-508A-4707-8152-97CD9BD9B48B}"
EndProject
Project("{FAE04EC0-301F-11D3-BF4B-00C04F79EFBC}") = "FileApiService.API", "Services\FileApiService\FileApiService.API\FileApiService.API.csproj", "{A7C956DB-CB25-4170-8E85-4A47AD86F3DB}"
EndProject
Project("{FAE04EC0-301F-11D3-BF4B-00C04F79EFBC}") = "FileApiService.Application", "Services\FileApiService\FileApiService.Application\FileApiService.Application.csproj", "{27276E52-7D1B-40F6-94BD-8B271B250605}"
EndProject
Project("{FAE04EC0-301F-11D3-BF4B-00C04F79EFBC}") = "FileApiService.Domain", "Services\FileApiService\FileApiService.Domain\FileApiService.Domain.csproj", "{BC039AFA-39C9-43C9-B90B-E68986EF857E}"
EndProject
Project("{FAE04EC0-301F-11D3-BF4B-00C04F79EFBC}") = "FileApiService.Infrastructure", "Services\FileApiService\FileApiService.Infrastructure\FileApiService.Infrastructure.csproj", "{D1600E5C-E851-40E9-B766-F0C88E894C75}"
EndProject
Project("{2150E333-8FDC-42A3-9474-1A3956D46DE8}") = "FileStorageService", "FileStorageService", "{E1C2C87F-BA9B-44AF-BD30-7999D128ED64}"
EndProject
Project("{FAE04EC0-301F-11D3-BF4B-00C04F79EFBC}") = "FileStorageService.API", "Services\FileStorageService\FileStorageService.API\FileStorageService.API.csproj", "{3838C329-402B-453B-99AA-50CAFB0688AE}"
EndProject
Project("{FAE04EC0-301F-11D3-BF4B-00C04F79EFBC}") = "FileStorageService.Infrastructure", "Services\FileStorageService\FileStorageService.Infrastructure\FileStorageService.Infrastructure.csproj", "{E2E99904-E897-43E2-9AF9-6BF6A69282DC}"
EndProject
Project("{FAE04EC0-301F-11D3-BF4B-00C04F79EFBC}") = "FileStorageService.Application", "Services\FileStorageService\FileStorageService.Application\FileStorageService.Application.csproj", "{B551B315-1CD7-4C2B-902C-2EAA4CF9F6FD}"
EndProject
Project("{2150E333-8FDC-42A3-9474-1A3956D46DE8}") = "Grpc.Shared", "Grpc.Shared", "{4F4FB46E-6B72-4B2B-AAC4-5579EB3A5882}"
EndProject
Project("{FAE04EC0-301F-11D3-BF4B-00C04F79EFBC}") = "Grpc.Shared", "BuildingBlocks\Grpc.Shared\Grpc.Shared\Grpc.Shared.csproj", "{45548F2E-95FE-4B49-9BEE-42202508563C}"
EndProject
Project("{2150E333-8FDC-42A3-9474-1A3956D46DE8}") = "Contracts.Shared", "Contracts.Shared", "{BFDE183F-707E-44E1-AF36-D61A7CACA81D}"
EndProject
Project("{FAE04EC0-301F-11D3-BF4B-00C04F79EFBC}") = "Contracts.Shared", "BuildingBlocks\Contracts.Shared\Contracts.Shared\Contracts.Shared.csproj", "{A6972016-28B8-4AEE-83B7-F615E577400B}"
EndProject
Project("{2150E333-8FDC-42A3-9474-1A3956D46DE8}") = ".env", ".env", "{92C076AA-8AEF-4BCC-8FBA-6AA5950678A9}"
	ProjectSection(SolutionItems) = preProject
		.env = .env
		..\.gitignore = ..\.gitignore
	EndProjectSection
EndProject
Project("{2150E333-8FDC-42A3-9474-1A3956D46DE8}") = "Tests", "Tests", "{DA57D004-2D31-44C4-B3CD-AE1C8AFCA858}"
EndProject
Project("{FAE04EC0-301F-11D3-BF4B-00C04F79EFBC}") = "FileApiService.UnitTests", "Tests\FileApiService.UnitTests\FileApiService.UnitTests.csproj", "{B013BCEA-0CF8-429E-9F19-ED480C474CE6}"
EndProject
Global
	GlobalSection(SolutionConfigurationPlatforms) = preSolution
		Debug|Any CPU = Debug|Any CPU
		Release|Any CPU = Release|Any CPU
	EndGlobalSection
	GlobalSection(NestedProjects) = preSolution
		{CA5310D8-47E3-4AC7-9CA1-72063780525E} = {11026BCF-3A78-4A1B-9BE9-FED86531161F}
		{919B2171-0C02-4445-974D-BC99D3FE364B} = {CA5310D8-47E3-4AC7-9CA1-72063780525E}
		{B71136DC-CB75-435A-BDAB-3EF2FB38CA6E} = {CA5310D8-47E3-4AC7-9CA1-72063780525E}
		{0DB746C9-714B-4A65-A360-3F61191F50BF} = {CA5310D8-47E3-4AC7-9CA1-72063780525E}
		{54117E9B-55A5-4C24-AA9A-74271BB16B64} = {CA5310D8-47E3-4AC7-9CA1-72063780525E}
		{F2B98543-6821-4A63-BBC1-FEDDAF96B5A1} = {C703A2BA-D708-4ED7-B9B4-150C3D4EF86F}
		{CE154E77-1104-4484-846C-A1BAC7FB4787} = {B872DDB3-7BC4-46EB-8B0E-C4E653114F2D}
		{59039663-17F9-4CE3-B53C-F1E07BE374D1} = {F2B98543-6821-4A63-BBC1-FEDDAF96B5A1}
		{9B8AF0BB-508A-4707-8152-97CD9BD9B48B} = {11026BCF-3A78-4A1B-9BE9-FED86531161F}
		{A7C956DB-CB25-4170-8E85-4A47AD86F3DB} = {9B8AF0BB-508A-4707-8152-97CD9BD9B48B}
		{27276E52-7D1B-40F6-94BD-8B271B250605} = {9B8AF0BB-508A-4707-8152-97CD9BD9B48B}
		{BC039AFA-39C9-43C9-B90B-E68986EF857E} = {9B8AF0BB-508A-4707-8152-97CD9BD9B48B}
		{D1600E5C-E851-40E9-B766-F0C88E894C75} = {9B8AF0BB-508A-4707-8152-97CD9BD9B48B}
		{E1C2C87F-BA9B-44AF-BD30-7999D128ED64} = {11026BCF-3A78-4A1B-9BE9-FED86531161F}
		{3838C329-402B-453B-99AA-50CAFB0688AE} = {E1C2C87F-BA9B-44AF-BD30-7999D128ED64}
		{E2E99904-E897-43E2-9AF9-6BF6A69282DC} = {E1C2C87F-BA9B-44AF-BD30-7999D128ED64}
		{B551B315-1CD7-4C2B-902C-2EAA4CF9F6FD} = {E1C2C87F-BA9B-44AF-BD30-7999D128ED64}
		{4F4FB46E-6B72-4B2B-AAC4-5579EB3A5882} = {C703A2BA-D708-4ED7-B9B4-150C3D4EF86F}
		{45548F2E-95FE-4B49-9BEE-42202508563C} = {4F4FB46E-6B72-4B2B-AAC4-5579EB3A5882}
		{BFDE183F-707E-44E1-AF36-D61A7CACA81D} = {C703A2BA-D708-4ED7-B9B4-150C3D4EF86F}
		{A6972016-28B8-4AEE-83B7-F615E577400B} = {BFDE183F-707E-44E1-AF36-D61A7CACA81D}
		{B013BCEA-0CF8-429E-9F19-ED480C474CE6} = {DA57D004-2D31-44C4-B3CD-AE1C8AFCA858}
	EndGlobalSection
	GlobalSection(ProjectConfigurationPlatforms) = postSolution
		{919B2171-0C02-4445-974D-BC99D3FE364B}.Debug|Any CPU.ActiveCfg = Debug|Any CPU
		{919B2171-0C02-4445-974D-BC99D3FE364B}.Debug|Any CPU.Build.0 = Debug|Any CPU
		{919B2171-0C02-4445-974D-BC99D3FE364B}.Release|Any CPU.ActiveCfg = Release|Any CPU
		{919B2171-0C02-4445-974D-BC99D3FE364B}.Release|Any CPU.Build.0 = Release|Any CPU
		{B71136DC-CB75-435A-BDAB-3EF2FB38CA6E}.Debug|Any CPU.ActiveCfg = Debug|Any CPU
		{B71136DC-CB75-435A-BDAB-3EF2FB38CA6E}.Debug|Any CPU.Build.0 = Debug|Any CPU
		{B71136DC-CB75-435A-BDAB-3EF2FB38CA6E}.Release|Any CPU.ActiveCfg = Release|Any CPU
		{B71136DC-CB75-435A-BDAB-3EF2FB38CA6E}.Release|Any CPU.Build.0 = Release|Any CPU
		{0DB746C9-714B-4A65-A360-3F61191F50BF}.Debug|Any CPU.ActiveCfg = Debug|Any CPU
		{0DB746C9-714B-4A65-A360-3F61191F50BF}.Debug|Any CPU.Build.0 = Debug|Any CPU
		{0DB746C9-714B-4A65-A360-3F61191F50BF}.Release|Any CPU.ActiveCfg = Release|Any CPU
		{0DB746C9-714B-4A65-A360-3F61191F50BF}.Release|Any CPU.Build.0 = Release|Any CPU
		{54117E9B-55A5-4C24-AA9A-74271BB16B64}.Debug|Any CPU.ActiveCfg = Debug|Any CPU
		{54117E9B-55A5-4C24-AA9A-74271BB16B64}.Debug|Any CPU.Build.0 = Debug|Any CPU
		{54117E9B-55A5-4C24-AA9A-74271BB16B64}.Release|Any CPU.ActiveCfg = Release|Any CPU
		{54117E9B-55A5-4C24-AA9A-74271BB16B64}.Release|Any CPU.Build.0 = Release|Any CPU
		{CE154E77-1104-4484-846C-A1BAC7FB4787}.Debug|Any CPU.ActiveCfg = Debug|Any CPU
		{CE154E77-1104-4484-846C-A1BAC7FB4787}.Debug|Any CPU.Build.0 = Debug|Any CPU
		{CE154E77-1104-4484-846C-A1BAC7FB4787}.Release|Any CPU.ActiveCfg = Release|Any CPU
		{CE154E77-1104-4484-846C-A1BAC7FB4787}.Release|Any CPU.Build.0 = Release|Any CPU
		{59039663-17F9-4CE3-B53C-F1E07BE374D1}.Debug|Any CPU.ActiveCfg = Debug|Any CPU
		{59039663-17F9-4CE3-B53C-F1E07BE374D1}.Debug|Any CPU.Build.0 = Debug|Any CPU
		{59039663-17F9-4CE3-B53C-F1E07BE374D1}.Release|Any CPU.ActiveCfg = Release|Any CPU
		{59039663-17F9-4CE3-B53C-F1E07BE374D1}.Release|Any CPU.Build.0 = Release|Any CPU
		{A7C956DB-CB25-4170-8E85-4A47AD86F3DB}.Debug|Any CPU.ActiveCfg = Debug|Any CPU
		{A7C956DB-CB25-4170-8E85-4A47AD86F3DB}.Debug|Any CPU.Build.0 = Debug|Any CPU
		{A7C956DB-CB25-4170-8E85-4A47AD86F3DB}.Release|Any CPU.ActiveCfg = Release|Any CPU
		{A7C956DB-CB25-4170-8E85-4A47AD86F3DB}.Release|Any CPU.Build.0 = Release|Any CPU
		{27276E52-7D1B-40F6-94BD-8B271B250605}.Debug|Any CPU.ActiveCfg = Debug|Any CPU
		{27276E52-7D1B-40F6-94BD-8B271B250605}.Debug|Any CPU.Build.0 = Debug|Any CPU
		{27276E52-7D1B-40F6-94BD-8B271B250605}.Release|Any CPU.ActiveCfg = Release|Any CPU
		{27276E52-7D1B-40F6-94BD-8B271B250605}.Release|Any CPU.Build.0 = Release|Any CPU
		{BC039AFA-39C9-43C9-B90B-E68986EF857E}.Debug|Any CPU.ActiveCfg = Debug|Any CPU
		{BC039AFA-39C9-43C9-B90B-E68986EF857E}.Debug|Any CPU.Build.0 = Debug|Any CPU
		{BC039AFA-39C9-43C9-B90B-E68986EF857E}.Release|Any CPU.ActiveCfg = Release|Any CPU
		{BC039AFA-39C9-43C9-B90B-E68986EF857E}.Release|Any CPU.Build.0 = Release|Any CPU
		{D1600E5C-E851-40E9-B766-F0C88E894C75}.Debug|Any CPU.ActiveCfg = Debug|Any CPU
		{D1600E5C-E851-40E9-B766-F0C88E894C75}.Debug|Any CPU.Build.0 = Debug|Any CPU
		{D1600E5C-E851-40E9-B766-F0C88E894C75}.Release|Any CPU.ActiveCfg = Release|Any CPU
		{D1600E5C-E851-40E9-B766-F0C88E894C75}.Release|Any CPU.Build.0 = Release|Any CPU
		{3838C329-402B-453B-99AA-50CAFB0688AE}.Debug|Any CPU.ActiveCfg = Debug|Any CPU
		{3838C329-402B-453B-99AA-50CAFB0688AE}.Debug|Any CPU.Build.0 = Debug|Any CPU
		{3838C329-402B-453B-99AA-50CAFB0688AE}.Release|Any CPU.ActiveCfg = Release|Any CPU
		{3838C329-402B-453B-99AA-50CAFB0688AE}.Release|Any CPU.Build.0 = Release|Any CPU
		{E2E99904-E897-43E2-9AF9-6BF6A69282DC}.Debug|Any CPU.ActiveCfg = Debug|Any CPU
		{E2E99904-E897-43E2-9AF9-6BF6A69282DC}.Debug|Any CPU.Build.0 = Debug|Any CPU
		{E2E99904-E897-43E2-9AF9-6BF6A69282DC}.Release|Any CPU.ActiveCfg = Release|Any CPU
		{E2E99904-E897-43E2-9AF9-6BF6A69282DC}.Release|Any CPU.Build.0 = Release|Any CPU
		{B551B315-1CD7-4C2B-902C-2EAA4CF9F6FD}.Debug|Any CPU.ActiveCfg = Debug|Any CPU
		{B551B315-1CD7-4C2B-902C-2EAA4CF9F6FD}.Debug|Any CPU.Build.0 = Debug|Any CPU
		{B551B315-1CD7-4C2B-902C-2EAA4CF9F6FD}.Release|Any CPU.ActiveCfg = Release|Any CPU
		{B551B315-1CD7-4C2B-902C-2EAA4CF9F6FD}.Release|Any CPU.Build.0 = Release|Any CPU
		{45548F2E-95FE-4B49-9BEE-42202508563C}.Debug|Any CPU.ActiveCfg = Debug|Any CPU
		{45548F2E-95FE-4B49-9BEE-42202508563C}.Debug|Any CPU.Build.0 = Debug|Any CPU
		{45548F2E-95FE-4B49-9BEE-42202508563C}.Release|Any CPU.ActiveCfg = Release|Any CPU
		{45548F2E-95FE-4B49-9BEE-42202508563C}.Release|Any CPU.Build.0 = Release|Any CPU
		{A6972016-28B8-4AEE-83B7-F615E577400B}.Debug|Any CPU.ActiveCfg = Debug|Any CPU
		{A6972016-28B8-4AEE-83B7-F615E577400B}.Debug|Any CPU.Build.0 = Debug|Any CPU
		{A6972016-28B8-4AEE-83B7-F615E577400B}.Release|Any CPU.ActiveCfg = Release|Any CPU
		{A6972016-28B8-4AEE-83B7-F615E577400B}.Release|Any CPU.Build.0 = Release|Any CPU
		{B013BCEA-0CF8-429E-9F19-ED480C474CE6}.Debug|Any CPU.ActiveCfg = Debug|Any CPU
		{B013BCEA-0CF8-429E-9F19-ED480C474CE6}.Debug|Any CPU.Build.0 = Debug|Any CPU
		{B013BCEA-0CF8-429E-9F19-ED480C474CE6}.Release|Any CPU.ActiveCfg = Release|Any CPU
		{B013BCEA-0CF8-429E-9F19-ED480C474CE6}.Release|Any CPU.Build.0 = Release|Any CPU
	EndGlobalSection
EndGlobal
